
Microsoft Visual Studio Solution File, Format Version 12.00
# Visual Studio 15
VisualStudioVersion = 15.0.28307.168
MinimumVisualStudioVersion = 10.0.40219.1
Project("{FAE04EC0-301F-11D3-BF4B-00C04F79EFBC}") = "FEB 27", "FEB 27\FEB 27.csproj", "{479B55C9-47C7-43AA-B883-3C7DA91EA27A}"
EndProject
Global
	GlobalSection(SolutionConfigurationPlatforms) = preSolution
		Debug|Any CPU = Debug|Any CPU
		Release|Any CPU = Release|Any CPU
	EndGlobalSection
	GlobalSection(ProjectConfigurationPlatforms) = postSolution
		{479B55C9-47C7-43AA-B883-3C7DA91EA27A}.Debug|Any CPU.ActiveCfg = Debug|Any CPU
		{479B55C9-47C7-43AA-B883-3C7DA91EA27A}.Debug|Any CPU.Build.0 = Debug|Any CPU
		{479B55C9-47C7-43AA-B883-3C7DA91EA27A}.Release|Any CPU.ActiveCfg = Release|Any CPU
		{479B55C9-47C7-43AA-B883-3C7DA91EA27A}.Release|Any CPU.Build.0 = Release|Any CPU
	EndGlobalSection
	GlobalSection(SolutionProperties) = preSolution
		HideSolutionNode = FALSE
	EndGlobalSection
	GlobalSection(ExtensibilityGlobals) = postSolution
		SolutionGuid = {4A17EC40-636B-458E-8D4C-3EEABECEB068}
	EndGlobalSection
EndGlobal
